// !$*UTF8*$!
{
	archiveVersion = 1;
	classes = {
	};
	objectVersion = 55;
	objects = {

/* Begin PBXBuildFile section */
		CCA7F52F28775F1800D6A239 /* AppDelegate.swift in Sources */ = {isa = PBXBuildFile; fileRef = CCA7F52E28775F1800D6A239 /* AppDelegate.swift */; };
		CCA7F53128775F1800D6A239 /* SceneDelegate.swift in Sources */ = {isa = PBXBuildFile; fileRef = CCA7F53028775F1800D6A239 /* SceneDelegate.swift */; };
		CCA7F53328775F1800D6A239 /* ViewController.swift in Sources */ = {isa = PBXBuildFile; fileRef = CCA7F53228775F1800D6A239 /* ViewController.swift */; };
		CCA7F53628775F1800D6A239 /* Main.storyboard in Resources */ = {isa = PBXBuildFile; fileRef = CCA7F53428775F1800D6A239 /* Main.storyboard */; };
		CCA7F53828775F1A00D6A239 /* Assets.xcassets in Resources */ = {isa = PBXBuildFile; fileRef = CCA7F53728775F1A00D6A239 /* Assets.xcassets */; };
		CCA7F53B28775F1A00D6A239 /* LaunchScreen.storyboard in Resources */ = {isa = PBXBuildFile; fileRef = CCA7F53928775F1A00D6A239 /* LaunchScreen.storyboard */; };
		CCA7F543287766A300D6A239 /* Card.swift in Sources */ = {isa = PBXBuildFile; fileRef = CCA7F542287766A300D6A239 /* Card.swift */; };
		CCA7F5452877693E00D6A239 /* Concentration.swift in Sources */ = {isa = PBXBuildFile; fileRef = CCA7F5442877693E00D6A239 /* Concentration.swift */; };
/* End PBXBuildFile section */

/* Begin PBXFileReference section */
		CCA7F52B28775F1800D6A239 /* cloneStanford.app */ = {isa = PBXFileReference; explicitFileType = wrapper.application; includeInIndex = 0; path = cloneStanford.app; sourceTree = BUILT_PRODUCTS_DIR; };
		CCA7F52E28775F1800D6A239 /* AppDelegate.swift */ = {isa = PBXFileReference; lastKnownFileType = sourcecode.swift; path = AppDelegate.swift; sourceTree = "<group>"; };
		CCA7F53028775F1800D6A239 /* SceneDelegate.swift */ = {isa = PBXFileReference; lastKnownFileType = sourcecode.swift; path = SceneDelegate.swift; sourceTree = "<group>"; };
		CCA7F53228775F1800D6A239 /* ViewController.swift */ = {isa = PBXFileReference; lastKnownFileType = sourcecode.swift; path = ViewController.swift; sourceTree = "<group>"; };
		CCA7F53528775F1800D6A239 /* Base */ = {isa = PBXFileReference; lastKnownFileType = file.storyboard; name = Base; path = Base.lproj/Main.storyboard; sourceTree = "<group>"; };
		CCA7F53728775F1A00D6A239 /* Assets.xcassets */ = {isa = PBXFileReference; lastKnownFileType = folder.assetcatalog; path = Assets.xcassets; sourceTree = "<group>"; };
		CCA7F53A28775F1A00D6A239 /* Base */ = {isa = PBXFileReference; lastKnownFileType = file.storyboard; name = Base; path = Base.lproj/LaunchScreen.storyboard; sourceTree = "<group>"; };
		CCA7F53C28775F1A00D6A239 /* Info.plist */ = {isa = PBXFileReference; lastKnownFileType = text.plist.xml; path = Info.plist; sourceTree = "<group>"; };
		CCA7F542287766A300D6A239 /* Card.swift */ = {isa = PBXFileReference; lastKnownFileType = sourcecode.swift; path = Card.swift; sourceTree = "<group>"; };
		CCA7F5442877693E00D6A239 /* Concentration.swift */ = {isa = PBXFileReference; lastKnownFileType = sourcecode.swift; path = Concentration.swift; sourceTree = "<group>"; };
/* End PBXFileReference section */

/* Begin PBXFrameworksBuildPhase section */
		CCA7F52828775F1800D6A239 /* Frameworks */ = {
			isa = PBXFrameworksBuildPhase;
			buildActionMask = 2147483647;
			files = (
			);
			runOnlyForDeploymentPostprocessing = 0;
		};
/* End PBXFrameworksBuildPhase section */

/* Begin PBXGroup section */
		CCA7F52228775F1800D6A239 = {
			isa = PBXGroup;
			children = (
				CCA7F52D28775F1800D6A239 /* cloneStanford */,
				CCA7F52C28775F1800D6A239 /* Products */,
			);
			sourceTree = "<group>";
		};
		CCA7F52C28775F1800D6A239 /* Products */ = {
			isa = PBXGroup;
			children = (
				CCA7F52B28775F1800D6A239 /* cloneStanford.app */,
			);
			name = Products;
			sourceTree = "<group>";
		};
		CCA7F52D28775F1800D6A239 /* cloneStanford */ = {
			isa = PBXGroup;
			children = (
				CCA7F52E28775F1800D6A239 /* AppDelegate.swift */,
				CCA7F53028775F1800D6A239 /* SceneDelegate.swift */,
				CCA7F53228775F1800D6A239 /* ViewController.swift */,
				CCA7F542287766A300D6A239 /* Card.swift */,
				CCA7F5442877693E00D6A239 /* Concentration.swift */,
				CCA7F53428775F1800D6A239 /* Main.storyboard */,
				CCA7F53728775F1A00D6A239 /* Assets.xcassets */,
				CCA7F53928775F1A00D6A239 /* LaunchScreen.storyboard */,
				CCA7F53C28775F1A00D6A239 /* Info.plist */,
			);
			path = cloneStanford;
			sourceTree = "<group>";
		};
/* End PBXGroup section */

/* Begin PBXNativeTarget section */
		CCA7F52A28775F1800D6A239 /* cloneStanford */ = {
			isa = PBXNativeTarget;
			buildConfigurationList = CCA7F53F28775F1A00D6A239 /* Build configuration list for PBXNativeTarget "cloneStanford" */;
			buildPhases = (
				CCA7F52728775F1800D6A239 /* Sources */,
				CCA7F52828775F1800D6A239 /* Frameworks */,
				CCA7F52928775F1800D6A239 /* Resources */,
			);
			buildRules = (
			);
			dependencies = (
			);
			name = cloneStanford;
			productName = cloneStanford;
			productReference = CCA7F52B28775F1800D6A239 /* cloneStanford.app */;
			productType = "com.apple.product-type.application";
		};
/* End PBXNativeTarget section */

/* Begin PBXProject section */
		CCA7F52328775F1800D6A239 /* Project object */ = {
			isa = PBXProject;
			attributes = {
				BuildIndependentTargetsInParallel = 1;
				LastSwiftUpdateCheck = 1340;
				LastUpgradeCheck = 1340;
				TargetAttributes = {
					CCA7F52A28775F1800D6A239 = {
						CreatedOnToolsVersion = 13.4.1;
					};
				};
			};
			buildConfigurationList = CCA7F52628775F1800D6A239 /* Build configuration list for PBXProject "cloneStanford" */;
			compatibilityVersion = "Xcode 13.0";
			developmentRegion = en;
			hasScannedForEncodings = 0;
			knownRegions = (
				en,
				Base,
			);
			mainGroup = CCA7F52228775F1800D6A239;
			productRefGroup = CCA7F52C28775F1800D6A239 /* Products */;
			projectDirPath = "";
			projectRoot = "";
			targets = (
				CCA7F52A28775F1800D6A239 /* cloneStanford */,
			);
		};
/* End PBXProject section */

/* Begin PBXResourcesBuildPhase section */
		CCA7F52928775F1800D6A239 /* Resources */ = {
			isa = PBXResourcesBuildPhase;
			buildActionMask = 2147483647;
			files = (
				CCA7F53B28775F1A00D6A239 /* LaunchScreen.storyboard in Resources */,
				CCA7F53828775F1A00D6A239 /* Assets.xcassets in Resources */,
				CCA7F53628775F1800D6A239 /* Main.storyboard in Resources */,
			);
			runOnlyForDeploymentPostprocessing = 0;
		};
/* End PBXResourcesBuildPhase section */

/* Begin PBXSourcesBuildPhase section */
		CCA7F52728775F1800D6A239 /* Sources */ = {
			isa = PBXSourcesBuildPhase;
			buildActionMask = 2147483647;
			files = (
				CCA7F53328775F1800D6A239 /* ViewController.swift in Sources */,
				CCA7F52F28775F1800D6A239 /* AppDelegate.swift in Sources */,
				CCA7F53128775F1800D6A239 /* SceneDelegate.swift in Sources */,
				CCA7F5452877693E00D6A239 /* Concentration.swift in Sources */,
				CCA7F543287766A300D6A239 /* Card.swift in Sources */,
			);
			runOnlyForDeploymentPostprocessing = 0;
		};
/* End PBXSourcesBuildPhase section */

/* Begin PBXVariantGroup section */
		CCA7F53428775F1800D6A239 /* Main.storyboard */ = {
			isa = PBXVariantGroup;
			children = (
				CCA7F53528775F1800D6A239 /* Base */,
			);
			name = Main.storyboard;
			sourceTree = "<group>";
		};
		CCA7F53928775F1A00D6A239 /* LaunchScreen.storyboard */ = {
			isa = PBXVariantGroup;
			children = (
				CCA7F53A28775F1A00D6A239 /* Base */,
			);
			name = LaunchScreen.storyboard;
			sourceTree = "<group>";
		};
/* End PBXVariantGroup section */

/* Begin XCBuildConfiguration section */
		CCA7F53D28775F1A00D6A239 /* Debug */ = {
			isa = XCBuildConfiguration;
			buildSettings = {
				ALWAYS_SEARCH_USER_PATHS = NO;
				CLANG_ANALYZER_NONNULL = YES;
				CLANG_ANALYZER_NUMBER_OBJECT_CONVERSION = YES_AGGRESSIVE;
				CLANG_CXX_LANGUAGE_STANDARD = "gnu++17";
				CLANG_ENABLE_MODULES = YES;
				CLANG_ENABLE_OBJC_ARC = YES;
				CLANG_ENABLE_OBJC_WEAK = YES;
				CLANG_WARN_BLOCK_CAPTURE_AUTORELEASING = YES;
				CLANG_WARN_BOOL_CONVERSION = YES;
				CLANG_WARN_COMMA = YES;
				CLANG_WARN_CONSTANT_CONVERSION = YES;
				CLANG_WARN_DEPRECATED_OBJC_IMPLEMENTATIONS = YES;
				CLANG_WARN_DIRECT_OBJC_ISA_USAGE = YES_ERROR;
				CLANG_WARN_DOCUMENTATION_COMMENTS = YES;
				CLANG_WARN_EMPTY_BODY = YES;
				CLANG_WARN_ENUM_CONVERSION = YES;
				CLANG_WARN_INFINITE_RECURSION = YES;
				CLANG_WARN_INT_CONVERSION = YES;
				CLANG_WARN_NON_LITERAL_NULL_CONVERSION = YES;
				CLANG_WARN_OBJC_IMPLICIT_RETAIN_SELF = YES;
				CLANG_WARN_OBJC_LITERAL_CONVERSION = YES;
				CLANG_WARN_OBJC_ROOT_CLASS = YES_ERROR;
				CLANG_WARN_QUOTED_INCLUDE_IN_FRAMEWORK_HEADER = YES;
				CLANG_WARN_RANGE_LOOP_ANALYSIS = YES;
				CLANG_WARN_STRICT_PROTOTYPES = YES;
				CLANG_WARN_SUSPICIOUS_MOVE = YES;
				CLANG_WARN_UNGUARDED_AVAILABILITY = YES_AGGRESSIVE;
				CLANG_WARN_UNREACHABLE_CODE = YES;
				CLANG_WARN__DUPLICATE_METHOD_MATCH = YES;
				COPY_PHASE_STRIP = NO;
				DEBUG_INFORMATION_FORMAT = dwarf;
				ENABLE_STRICT_OBJC_MSGSEND = YES;
				ENABLE_TESTABILITY = YES;
				GCC_C_LANGUAGE_STANDARD = gnu11;
				GCC_DYNAMIC_NO_PIC = NO;
				GCC_NO_COMMON_BLOCKS = YES;
				GCC_OPTIMIZATION_LEVEL = 0;
				GCC_PREPROCESSOR_DEFINITIONS = (
					"DEBUG=1",
					"$(inherited)",
				);
				GCC_WARN_64_TO_32_BIT_CONVERSION = YES;
				GCC_WARN_ABOUT_RETURN_TYPE = YES_ERROR;
				GCC_WARN_UNDECLARED_SELECTOR = YES;
				GCC_WARN_UNINITIALIZED_AUTOS = YES_AGGRESSIVE;
				GCC_WARN_UNUSED_FUNCTION = YES;
				GCC_WARN_UNUSED_VARIABLE = YES;
				IPHONEOS_DEPLOYMENT_TARGET = 15.5;
				MTL_ENABLE_DEBUG_INFO = INCLUDE_SOURCE;
				MTL_FAST_MATH = YES;
				ONLY_ACTIVE_ARCH = YES;
				SDKROOT = iphoneos;
				SWIFT_ACTIVE_COMPILATION_CONDITIONS = DEBUG;
				SWIFT_OPTIMIZATION_LEVEL = "-Onone";
			};
			name = Debug;
		};
		CCA7F53E28775F1A00D6A239 /* Release */ = {
			isa = XCBuildConfiguration;
			buildSettings = {
				ALWAYS_SEARCH_USER_PATHS = NO;
				CLANG_ANALYZER_NONNULL = YES;
				CLANG_ANALYZER_NUMBER_OBJECT_CONVERSION = YES_AGGRESSIVE;
				CLANG_CXX_LANGUAGE_STANDARD = "gnu++17";
				CLANG_ENABLE_MODULES = YES;
				CLANG_ENABLE_OBJC_ARC = YES;
				CLANG_ENABLE_OBJC_WEAK = YES;
				CLANG_WARN_BLOCK_CAPTURE_AUTORELEASING = YES;
				CLANG_WARN_BOOL_CONVERSION = YES;
				CLANG_WARN_COMMA = YES;
				CLANG_WARN_CONSTANT_CONVERSION = YES;
				CLANG_WARN_DEPRECATED_OBJC_IMPLEMENTATIONS = YES;
				CLANG_WARN_DIRECT_OBJC_ISA_USAGE = YES_ERROR;
				CLANG_WARN_DOCUMENTATION_COMMENTS = YES;
				CLANG_WARN_EMPTY_BODY = YES;
				CLANG_WARN_ENUM_CONVERSION = YES;
				CLANG_WARN_INFINITE_RECURSION = YES;
				CLANG_WARN_INT_CONVERSION = YES;
				CLANG_WARN_NON_LITERAL_NULL_CONVERSION = YES;
				CLANG_WARN_OBJC_IMPLICIT_RETAIN_SELF = YES;
				CLANG_WARN_OBJC_LITERAL_CONVERSION = YES;
				CLANG_WARN_OBJC_ROOT_CLASS = YES_ERROR;
				CLANG_WARN_QUOTED_INCLUDE_IN_FRAMEWORK_HEADER = YES;
				CLANG_WARN_RANGE_LOOP_ANALYSIS = YES;
				CLANG_WARN_STRICT_PROTOTYPES = YES;
				CLANG_WARN_SUSPICIOUS_MOVE = YES;
				CLANG_WARN_UNGUARDED_AVAILABILITY = YES_AGGRESSIVE;
				CLANG_WARN_UNREACHABLE_CODE = YES;
				CLANG_WARN__DUPLICATE_METHOD_MATCH = YES;
				COPY_PHASE_STRIP = NO;
				DEBUG_INFORMATION_FORMAT = "dwarf-with-dsym";
				ENABLE_NS_ASSERTIONS = NO;
				ENABLE_STRICT_OBJC_MSGSEND = YES;
				GCC_C_LANGUAGE_STANDARD = gnu11;
				GCC_NO_COMMON_BLOCKS = YES;
				GCC_WARN_64_TO_32_BIT_CONVERSION = YES;
				GCC_WARN_ABOUT_RETURN_TYPE = YES_ERROR;
				GCC_WARN_UNDECLARED_SELECTOR = YES;
				GCC_WARN_UNINITIALIZED_AUTOS = YES_AGGRESSIVE;
				GCC_WARN_UNUSED_FUNCTION = YES;
				GCC_WARN_UNUSED_VARIABLE = YES;
				IPHONEOS_DEPLOYMENT_TARGET = 15.5;
				MTL_ENABLE_DEBUG_INFO = NO;
				MTL_FAST_MATH = YES;
				SDKROOT = iphoneos;
				SWIFT_COMPILATION_MODE = wholemodule;
				SWIFT_OPTIMIZATION_LEVEL = "-O";
				VALIDATE_PRODUCT = YES;
			};
			name = Release;
		};
		CCA7F54028775F1A00D6A239 /* Debug */ = {
			isa = XCBuildConfiguration;
			buildSettings = {
				ASSETCATALOG_COMPILER_APPICON_NAME = AppIcon;
				ASSETCATALOG_COMPILER_GLOBAL_ACCENT_COLOR_NAME = AccentColor;
				CODE_SIGN_STYLE = Automatic;
				CURRENT_PROJECT_VERSION = 1;
				DEVELOPMENT_TEAM = J7ZP3WYXRW;
				GENERATE_INFOPLIST_FILE = YES;
				INFOPLIST_FILE = cloneStanford/Info.plist;
				INFOPLIST_KEY_UIApplicationSupportsIndirectInputEvents = YES;
				INFOPLIST_KEY_UILaunchStoryboardName = LaunchScreen;
				INFOPLIST_KEY_UIMainStoryboardFile = Main;
				INFOPLIST_KEY_UISupportedInterfaceOrientations_iPad = "UIInterfaceOrientationPortrait UIInterfaceOrientationPortraitUpsideDown UIInterfaceOrientationLandscapeLeft UIInterfaceOrientationLandscapeRight";
				INFOPLIST_KEY_UISupportedInterfaceOrientations_iPhone = "UIInterfaceOrientationPortrait UIInterfaceOrientationLandscapeLeft UIInterfaceOrientationLandscapeRight";
				LD_RUNPATH_SEARCH_PATHS = (
					"$(inherited)",
					"@executable_path/Frameworks",
				);
				MARKETING_VERSION = 1.0;
				PRODUCT_BUNDLE_IDENTIFIER = Rivery.cloneStanford;
				PRODUCT_NAME = "$(TARGET_NAME)";
				SWIFT_EMIT_LOC_STRINGS = YES;
				SWIFT_VERSION = 5.0;
				TARGETED_DEVICE_FAMILY = "1,2";
			};
			name = Debug;
		};
		CCA7F54128775F1A00D6A239 /* Release */ = {
			isa = XCBuildConfiguration;
			buildSettings = {
				ASSETCATALOG_COMPILER_APPICON_NAME = AppIcon;
				ASSETCATALOG_COMPILER_GLOBAL_ACCENT_COLOR_NAME = AccentColor;
				CODE_SIGN_STYLE = Automatic;
				CURRENT_PROJECT_VERSION = 1;
				DEVELOPMENT_TEAM = J7ZP3WYXRW;
				GENERATE_INFOPLIST_FILE = YES;
				INFOPLIST_FILE = cloneStanford/Info.plist;
				INFOPLIST_KEY_UIApplicationSupportsIndirectInputEvents = YES;
				INFOPLIST_KEY_UILaunchStoryboardName = LaunchScreen;
				INFOPLIST_KEY_UIMainStoryboardFile = Main;
				INFOPLIST_KEY_UISupportedInterfaceOrientations_iPad = "UIInterfaceOrientationPortrait UIInterfaceOrientationPortraitUpsideDown UIInterfaceOrientationLandscapeLeft UIInterfaceOrientationLandscapeRight";
				INFOPLIST_KEY_UISupportedInterfaceOrientations_iPhone = "UIInterfaceOrientationPortrait UIInterfaceOrientationLandscapeLeft UIInterfaceOrientationLandscapeRight";
				LD_RUNPATH_SEARCH_PATHS = (
					"$(inherited)",
					"@executable_path/Frameworks",
				);
				MARKETING_VERSION = 1.0;
				PRODUCT_BUNDLE_IDENTIFIER = Rivery.cloneStanford;
				PRODUCT_NAME = "$(TARGET_NAME)";
				SWIFT_EMIT_LOC_STRINGS = YES;
				SWIFT_VERSION = 5.0;
				TARGETED_DEVICE_FAMILY = "1,2";
			};
			name = Release;
		};
/* End XCBuildConfiguration section */

/* Begin XCConfigurationList section */
		CCA7F52628775F1800D6A239 /* Build configuration list for PBXProject "cloneStanford" */ = {
			isa = XCConfigurationList;
			buildConfigurations = (
				CCA7F53D28775F1A00D6A239 /* Debug */,
				CCA7F53E28775F1A00D6A239 /* Release */,
			);
			defaultConfigurationIsVisible = 0;
			defaultConfigurationName = Release;
		};
		CCA7F53F28775F1A00D6A239 /* Build configuration list for PBXNativeTarget "cloneStanford" */ = {
			isa = XCConfigurationList;
			buildConfigurations = (
				CCA7F54028775F1A00D6A239 /* Debug */,
				CCA7F54128775F1A00D6A239 /* Release */,
			);
			defaultConfigurationIsVisible = 0;
			defaultConfigurationName = Release;
		};
/* End XCConfigurationList section */
	};
	rootObject = CCA7F52328775F1800D6A239 /* Project object */;
}
